
Microsoft Visual Studio Solution File, Format Version 12.00
# Visual Studio 14
VisualStudioVersion = 14.0.25420.1
MinimumVisualStudioVersion = 10.0.40219.1
Project("{FAE04EC0-301F-11D3-BF4B-00C04F79EFBC}") = "xiaoliweb", "xiaoliweb\xiaoliweb.csproj", "{FC6B5956-7ECB-4947-BCC3-E0A5E97BC70C}"
EndProject
Project("{FAE04EC0-301F-11D3-BF4B-00C04F79EFBC}") = "xiaoliweb_entity", "xiaoliweb_entity\xiaoliweb_entity.csproj", "{455A81CD-4F72-4197-B1CD-B2DD7BC8EDBB}"
EndProject
Global
	GlobalSection(SolutionConfigurationPlatforms) = preSolution
		Debug|Any CPU = Debug|Any CPU
		Release|Any CPU = Release|Any CPU
	EndGlobalSection
	GlobalSection(ProjectConfigurationPlatforms) = postSolution
		{FC6B5956-7ECB-4947-BCC3-E0A5E97BC70C}.Debug|Any CPU.ActiveCfg = Debug|Any CPU
		{FC6B5956-7ECB-4947-BCC3-E0A5E97BC70C}.Debug|Any CPU.Build.0 = Debug|Any CPU
		{FC6B5956-7ECB-4947-BCC3-E0A5E97BC70C}.Release|Any CPU.ActiveCfg = Release|Any CPU
		{FC6B5956-7ECB-4947-BCC3-E0A5E97BC70C}.Release|Any CPU.Build.0 = Release|Any CPU
		{455A81CD-4F72-4197-B1CD-B2DD7BC8EDBB}.Debug|Any CPU.ActiveCfg = Debug|Any CPU
		{455A81CD-4F72-4197-B1CD-B2DD7BC8EDBB}.Debug|Any CPU.Build.0 = Debug|Any CPU
		{455A81CD-4F72-4197-B1CD-B2DD7BC8EDBB}.Release|Any CPU.ActiveCfg = Release|Any CPU
		{455A81CD-4F72-4197-B1CD-B2DD7BC8EDBB}.Release|Any CPU.Build.0 = Release|Any CPU
	EndGlobalSection
	GlobalSection(SolutionProperties) = preSolution
		HideSolutionNode = FALSE
	EndGlobalSection
EndGlobal
